
Microsoft Visual Studio Solution File, Format Version 12.00
# Visual Studio Version 16
VisualStudioVersion = 16.0.31313.79
MinimumVisualStudioVersion = 10.0.40219.1
Project("{8BC9CEB8-8B4A-11D0-8D11-00A0C91BC942}") = "SuisHook", "SuisHook\SuisHook.vcxproj", "{13473E1B-8615-4A4D-BDAD-11A9F43E80A4}"
EndProject
Global
	GlobalSection(SolutionConfigurationPlatforms) = preSolution
		Debug|x86 = Debug|x86
		Release|x86 = Release|x86
	EndGlobalSection
	GlobalSection(ProjectConfigurationPlatforms) = postSolution
		{13473E1B-8615-4A4D-BDAD-11A9F43E80A4}.Debug|x86.ActiveCfg = Debug|Win32
		{13473E1B-8615-4A4D-BDAD-11A9F43E80A4}.Debug|x86.Build.0 = Debug|Win32
		{13473E1B-8615-4A4D-BDAD-11A9F43E80A4}.Release|x86.ActiveCfg = Release|Win32
		{13473E1B-8615-4A4D-BDAD-11A9F43E80A4}.Release|x86.Build.0 = Release|Win32
	EndGlobalSection
	GlobalSection(SolutionProperties) = preSolution
		HideSolutionNode = FALSE
	EndGlobalSection
	GlobalSection(ExtensibilityGlobals) = postSolution
		SolutionGuid = {6CEE00C0-5625-4B84-A914-198EA30A3152}
	EndGlobalSection
EndGlobal
